
Microsoft Visual Studio Solution File, Format Version 11.00
# Visual Studio 2010
# SharpDevelop 4.4
Project("{FAE04EC0-301F-11D3-BF4B-00C04F79EFBC}") = "PASTELERIA", "PASTELERIA\PASTELERIA.csproj", "{D3299629-4F07-44A7-8365-19DFC406CCBB}"
EndProject
Global
	GlobalSection(SolutionConfigurationPlatforms) = preSolution
		Debug|Any CPU = Debug|Any CPU
		Release|Any CPU = Release|Any CPU
	EndGlobalSection
	GlobalSection(ProjectConfigurationPlatforms) = postSolution
		{D3299629-4F07-44A7-8365-19DFC406CCBB}.Debug|Any CPU.Build.0 = Debug|Any CPU
		{D3299629-4F07-44A7-8365-19DFC406CCBB}.Debug|Any CPU.ActiveCfg = Debug|Any CPU
		{D3299629-4F07-44A7-8365-19DFC406CCBB}.Release|Any CPU.Build.0 = Release|Any CPU
		{D3299629-4F07-44A7-8365-19DFC406CCBB}.Release|Any CPU.ActiveCfg = Release|Any CPU
	EndGlobalSection
EndGlobal
